// !$*UTF8*$!
{
	archiveVersion = 1;
	classes = {
	};
	objectVersion = 50;
	objects = {

/* Begin PBXBuildFile section */
		0E0C826523A16E0600DC5990 /* sleigh-bells-excerpt.mp3 in Resources */ = {isa = PBXBuildFile; fileRef = 0E0C826423A16E0600DC5990 /* sleigh-bells-excerpt.mp3 */; };
		0EF3302A23A0433100A83858 /* Fire.sks in Resources */ = {isa = PBXBuildFile; fileRef = 0EF3302923A0433100A83858 /* Fire.sks */; };
		30EF27EA23A94EF000AB15DC /* text.png in Resources */ = {isa = PBXBuildFile; fileRef = 30EF27E423A94EEF00AB15DC /* text.png */; };
		30EF27EB23A94EF000AB15DC /* tree.png in Resources */ = {isa = PBXBuildFile; fileRef = 30EF27E523A94EEF00AB15DC /* tree.png */; };
		30EF27EC23A94EF000AB15DC /* background.png in Resources */ = {isa = PBXBuildFile; fileRef = 30EF27E623A94EEF00AB15DC /* background.png */; };
		30EF27ED23A94EF000AB15DC /* snowball.png in Resources */ = {isa = PBXBuildFile; fileRef = 30EF27E723A94EEF00AB15DC /* snowball.png */; };
		30EF27EE23A94EF000AB15DC /* snowcube.png in Resources */ = {isa = PBXBuildFile; fileRef = 30EF27E823A94EEF00AB15DC /* snowcube.png */; };
		30EF27EF23A94EF000AB15DC /* snowhill.png in Resources */ = {isa = PBXBuildFile; fileRef = 30EF27E923A94EF000AB15DC /* snowhill.png */; };
		30EF27F123A9547800AB15DC /* santa.png in Resources */ = {isa = PBXBuildFile; fileRef = 30EF27F023A9547800AB15DC /* santa.png */; };
		81279437239BEC4C000EBED0 /* AppDelegate.swift in Sources */ = {isa = PBXBuildFile; fileRef = 81279436239BEC4C000EBED0 /* AppDelegate.swift */; };
		8127943D239BEC4C000EBED0 /* GameScene.swift in Sources */ = {isa = PBXBuildFile; fileRef = 8127943C239BEC4C000EBED0 /* GameScene.swift */; };
		8127943F239BEC4C000EBED0 /* ViewController.swift in Sources */ = {isa = PBXBuildFile; fileRef = 8127943E239BEC4C000EBED0 /* ViewController.swift */; };
		81279441239BEC4D000EBED0 /* Assets.xcassets in Resources */ = {isa = PBXBuildFile; fileRef = 81279440239BEC4D000EBED0 /* Assets.xcassets */; };
		81279444239BEC4D000EBED0 /* Main.storyboard in Resources */ = {isa = PBXBuildFile; fileRef = 81279442239BEC4D000EBED0 /* Main.storyboard */; };
/* End PBXBuildFile section */

/* Begin PBXFileReference section */
		0E0C826423A16E0600DC5990 /* sleigh-bells-excerpt.mp3 */ = {isa = PBXFileReference; lastKnownFileType = audio.mp3; path = "sleigh-bells-excerpt.mp3"; sourceTree = "<group>"; };
		0EF3302923A0433100A83858 /* Fire.sks */ = {isa = PBXFileReference; lastKnownFileType = file.sks; path = Fire.sks; sourceTree = "<group>"; };
		30EF27E423A94EEF00AB15DC /* text.png */ = {isa = PBXFileReference; lastKnownFileType = image.png; path = text.png; sourceTree = "<group>"; };
		30EF27E523A94EEF00AB15DC /* tree.png */ = {isa = PBXFileReference; lastKnownFileType = image.png; path = tree.png; sourceTree = "<group>"; };
		30EF27E623A94EEF00AB15DC /* background.png */ = {isa = PBXFileReference; lastKnownFileType = image.png; path = background.png; sourceTree = "<group>"; };
		30EF27E723A94EEF00AB15DC /* snowball.png */ = {isa = PBXFileReference; lastKnownFileType = image.png; path = snowball.png; sourceTree = "<group>"; };
		30EF27E823A94EEF00AB15DC /* snowcube.png */ = {isa = PBXFileReference; lastKnownFileType = image.png; path = snowcube.png; sourceTree = "<group>"; };
		30EF27E923A94EF000AB15DC /* snowhill.png */ = {isa = PBXFileReference; lastKnownFileType = image.png; path = snowhill.png; sourceTree = "<group>"; };
		30EF27F023A9547800AB15DC /* santa.png */ = {isa = PBXFileReference; lastKnownFileType = image.png; path = santa.png; sourceTree = "<group>"; };
		81279433239BEC4C000EBED0 /* IntroToSpriteKit.app */ = {isa = PBXFileReference; explicitFileType = wrapper.application; includeInIndex = 0; path = IntroToSpriteKit.app; sourceTree = BUILT_PRODUCTS_DIR; };
		81279436239BEC4C000EBED0 /* AppDelegate.swift */ = {isa = PBXFileReference; lastKnownFileType = sourcecode.swift; path = AppDelegate.swift; sourceTree = "<group>"; };
		8127943C239BEC4C000EBED0 /* GameScene.swift */ = {isa = PBXFileReference; lastKnownFileType = sourcecode.swift; path = GameScene.swift; sourceTree = "<group>"; };
		8127943E239BEC4C000EBED0 /* ViewController.swift */ = {isa = PBXFileReference; lastKnownFileType = sourcecode.swift; path = ViewController.swift; sourceTree = "<group>"; };
		81279440239BEC4D000EBED0 /* Assets.xcassets */ = {isa = PBXFileReference; lastKnownFileType = folder.assetcatalog; path = Assets.xcassets; sourceTree = "<group>"; };
		81279443239BEC4D000EBED0 /* Base */ = {isa = PBXFileReference; lastKnownFileType = file.storyboard; name = Base; path = Base.lproj/Main.storyboard; sourceTree = "<group>"; };
		81279445239BEC4D000EBED0 /* Info.plist */ = {isa = PBXFileReference; lastKnownFileType = text.plist.xml; path = Info.plist; sourceTree = "<group>"; };
		81279446239BEC4D000EBED0 /* IntroToSpriteKit.entitlements */ = {isa = PBXFileReference; lastKnownFileType = text.plist.entitlements; path = IntroToSpriteKit.entitlements; sourceTree = "<group>"; };
		8127944C239BEC6A000EBED0 /* IntroToSpriteKit.playground */ = {isa = PBXFileReference; lastKnownFileType = file.playground; path = IntroToSpriteKit.playground; sourceTree = "<group>"; xcLanguageSpecificationIdentifier = xcode.lang.swift; };
/* End PBXFileReference section */

/* Begin PBXFrameworksBuildPhase section */
		81279430239BEC4C000EBED0 /* Frameworks */ = {
			isa = PBXFrameworksBuildPhase;
			buildActionMask = 2147483647;
			files = (
			);
			runOnlyForDeploymentPostprocessing = 0;
		};
/* End PBXFrameworksBuildPhase section */

/* Begin PBXGroup section */
		8127942A239BEC4C000EBED0 = {
			isa = PBXGroup;
			children = (
				8127944C239BEC6A000EBED0 /* IntroToSpriteKit.playground */,
				81279435239BEC4C000EBED0 /* IntroToSpriteKit */,
				81279434239BEC4C000EBED0 /* Products */,
			);
			sourceTree = "<group>";
		};
		81279434239BEC4C000EBED0 /* Products */ = {
			isa = PBXGroup;
			children = (
				81279433239BEC4C000EBED0 /* IntroToSpriteKit.app */,
			);
			name = Products;
			sourceTree = "<group>";
		};
		81279435239BEC4C000EBED0 /* IntroToSpriteKit */ = {
			isa = PBXGroup;
			children = (
				81279436239BEC4C000EBED0 /* AppDelegate.swift */,
				8127943C239BEC4C000EBED0 /* GameScene.swift */,
				8127943E239BEC4C000EBED0 /* ViewController.swift */,
				81279440239BEC4D000EBED0 /* Assets.xcassets */,
				81279442239BEC4D000EBED0 /* Main.storyboard */,
				81279445239BEC4D000EBED0 /* Info.plist */,
				81279446239BEC4D000EBED0 /* IntroToSpriteKit.entitlements */,
				30EF27E623A94EEF00AB15DC /* background.png */,
				30EF27F023A9547800AB15DC /* santa.png */,
				30EF27E723A94EEF00AB15DC /* snowball.png */,
				30EF27E823A94EEF00AB15DC /* snowcube.png */,
				30EF27E923A94EF000AB15DC /* snowhill.png */,
				30EF27E423A94EEF00AB15DC /* text.png */,
				30EF27E523A94EEF00AB15DC /* tree.png */,
				0E0C826423A16E0600DC5990 /* sleigh-bells-excerpt.mp3 */,
				0EF3302923A0433100A83858 /* Fire.sks */,
			);
			path = IntroToSpriteKit;
			sourceTree = "<group>";
		};
/* End PBXGroup section */

/* Begin PBXNativeTarget section */
		81279432239BEC4C000EBED0 /* IntroToSpriteKit */ = {
			isa = PBXNativeTarget;
			buildConfigurationList = 81279449239BEC4D000EBED0 /* Build configuration list for PBXNativeTarget "IntroToSpriteKit" */;
			buildPhases = (
				8127942F239BEC4C000EBED0 /* Sources */,
				81279430239BEC4C000EBED0 /* Frameworks */,
				81279431239BEC4C000EBED0 /* Resources */,
			);
			buildRules = (
			);
			dependencies = (
			);
			name = IntroToSpriteKit;
			productName = IntroToSpriteKit;
			productReference = 81279433239BEC4C000EBED0 /* IntroToSpriteKit.app */;
			productType = "com.apple.product-type.application";
		};
/* End PBXNativeTarget section */

/* Begin PBXProject section */
		8127942B239BEC4C000EBED0 /* Project object */ = {
			isa = PBXProject;
			attributes = {
				LastSwiftUpdateCheck = 1120;
				LastUpgradeCheck = 1120;
				ORGANIZATIONNAME = "Russell Gordon";
				TargetAttributes = {
					81279432239BEC4C000EBED0 = {
						CreatedOnToolsVersion = 11.2.1;
					};
				};
			};
			buildConfigurationList = 8127942E239BEC4C000EBED0 /* Build configuration list for PBXProject "IntroToSpriteKit" */;
			compatibilityVersion = "Xcode 9.3";
			developmentRegion = en;
			hasScannedForEncodings = 0;
			knownRegions = (
				en,
				Base,
			);
			mainGroup = 8127942A239BEC4C000EBED0;
			productRefGroup = 81279434239BEC4C000EBED0 /* Products */;
			projectDirPath = "";
			projectRoot = "";
			targets = (
				81279432239BEC4C000EBED0 /* IntroToSpriteKit */,
			);
		};
/* End PBXProject section */

/* Begin PBXResourcesBuildPhase section */
		81279431239BEC4C000EBED0 /* Resources */ = {
			isa = PBXResourcesBuildPhase;
			buildActionMask = 2147483647;
			files = (
				0EF3302A23A0433100A83858 /* Fire.sks in Resources */,
				30EF27EF23A94EF000AB15DC /* snowhill.png in Resources */,
				30EF27ED23A94EF000AB15DC /* snowball.png in Resources */,
				30EF27EA23A94EF000AB15DC /* text.png in Resources */,
				30EF27EE23A94EF000AB15DC /* snowcube.png in Resources */,
				30EF27EC23A94EF000AB15DC /* background.png in Resources */,
				0E0C826523A16E0600DC5990 /* sleigh-bells-excerpt.mp3 in Resources */,
				81279441239BEC4D000EBED0 /* Assets.xcassets in Resources */,
				81279444239BEC4D000EBED0 /* Main.storyboard in Resources */,
				30EF27F123A9547800AB15DC /* santa.png in Resources */,
				30EF27EB23A94EF000AB15DC /* tree.png in Resources */,
			);
			runOnlyForDeploymentPostprocessing = 0;
		};
/* End PBXResourcesBuildPhase section */

/* Begin PBXSourcesBuildPhase section */
		8127942F239BEC4C000EBED0 /* Sources */ = {
			isa = PBXSourcesBuildPhase;
			buildActionMask = 2147483647;
			files = (
				8127943F239BEC4C000EBED0 /* ViewController.swift in Sources */,
				8127943D239BEC4C000EBED0 /* GameScene.swift in Sources */,
				81279437239BEC4C000EBED0 /* AppDelegate.swift in Sources */,
			);
			runOnlyForDeploymentPostprocessing = 0;
		};
/* End PBXSourcesBuildPhase section */

/* Begin PBXVariantGroup section */
		81279442239BEC4D000EBED0 /* Main.storyboard */ = {
			isa = PBXVariantGroup;
			children = (
				81279443239BEC4D000EBED0 /* Base */,
			);
			name = Main.storyboard;
			sourceTree = "<group>";
		};
/* End PBXVariantGroup section */

/* Begin XCBuildConfiguration section */
		81279447239BEC4D000EBED0 /* Debug */ = {
			isa = XCBuildConfiguration;
			buildSettings = {
				ALWAYS_SEARCH_USER_PATHS = NO;
				CLANG_ANALYZER_NONNULL = YES;
				CLANG_ANALYZER_NUMBER_OBJECT_CONVERSION = YES_AGGRESSIVE;
				CLANG_CXX_LANGUAGE_STANDARD = "gnu++14";
				CLANG_CXX_LIBRARY = "libc++";
				CLANG_ENABLE_MODULES = YES;
				CLANG_ENABLE_OBJC_ARC = YES;
				CLANG_ENABLE_OBJC_WEAK = YES;
				CLANG_WARN_BLOCK_CAPTURE_AUTORELEASING = YES;
				CLANG_WARN_BOOL_CONVERSION = YES;
				CLANG_WARN_COMMA = YES;
				CLANG_WARN_CONSTANT_CONVERSION = YES;
				CLANG_WARN_DEPRECATED_OBJC_IMPLEMENTATIONS = YES;
				CLANG_WARN_DIRECT_OBJC_ISA_USAGE = YES_ERROR;
				CLANG_WARN_DOCUMENTATION_COMMENTS = YES;
				CLANG_WARN_EMPTY_BODY = YES;
				CLANG_WARN_ENUM_CONVERSION = YES;
				CLANG_WARN_INFINITE_RECURSION = YES;
				CLANG_WARN_INT_CONVERSION = YES;
				CLANG_WARN_NON_LITERAL_NULL_CONVERSION = YES;
				CLANG_WARN_OBJC_IMPLICIT_RETAIN_SELF = YES;
				CLANG_WARN_OBJC_LITERAL_CONVERSION = YES;
				CLANG_WARN_OBJC_ROOT_CLASS = YES_ERROR;
				CLANG_WARN_RANGE_LOOP_ANALYSIS = YES;
				CLANG_WARN_STRICT_PROTOTYPES = YES;
				CLANG_WARN_SUSPICIOUS_MOVE = YES;
				CLANG_WARN_UNGUARDED_AVAILABILITY = YES_AGGRESSIVE;
				CLANG_WARN_UNREACHABLE_CODE = YES;
				CLANG_WARN__DUPLICATE_METHOD_MATCH = YES;
				COPY_PHASE_STRIP = NO;
				DEBUG_INFORMATION_FORMAT = dwarf;
				ENABLE_STRICT_OBJC_MSGSEND = YES;
				ENABLE_TESTABILITY = YES;
				GCC_C_LANGUAGE_STANDARD = gnu11;
				GCC_DYNAMIC_NO_PIC = NO;
				GCC_NO_COMMON_BLOCKS = YES;
				GCC_OPTIMIZATION_LEVEL = 0;
				GCC_PREPROCESSOR_DEFINITIONS = (
					"DEBUG=1",
					"$(inherited)",
				);
				GCC_WARN_64_TO_32_BIT_CONVERSION = YES;
				GCC_WARN_ABOUT_RETURN_TYPE = YES_ERROR;
				GCC_WARN_UNDECLARED_SELECTOR = YES;
				GCC_WARN_UNINITIALIZED_AUTOS = YES_AGGRESSIVE;
				GCC_WARN_UNUSED_FUNCTION = YES;
				GCC_WARN_UNUSED_VARIABLE = YES;
				MACOSX_DEPLOYMENT_TARGET = 10.14;
				MTL_ENABLE_DEBUG_INFO = INCLUDE_SOURCE;
				MTL_FAST_MATH = YES;
				ONLY_ACTIVE_ARCH = YES;
				SDKROOT = macosx;
				SWIFT_ACTIVE_COMPILATION_CONDITIONS = DEBUG;
				SWIFT_OPTIMIZATION_LEVEL = "-Onone";
			};
			name = Debug;
		};
		81279448239BEC4D000EBED0 /* Release */ = {
			isa = XCBuildConfiguration;
			buildSettings = {
				ALWAYS_SEARCH_USER_PATHS = NO;
				CLANG_ANALYZER_NONNULL = YES;
				CLANG_ANALYZER_NUMBER_OBJECT_CONVERSION = YES_AGGRESSIVE;
				CLANG_CXX_LANGUAGE_STANDARD = "gnu++14";
				CLANG_CXX_LIBRARY = "libc++";
				CLANG_ENABLE_MODULES = YES;
				CLANG_ENABLE_OBJC_ARC = YES;
				CLANG_ENABLE_OBJC_WEAK = YES;
				CLANG_WARN_BLOCK_CAPTURE_AUTORELEASING = YES;
				CLANG_WARN_BOOL_CONVERSION = YES;
				CLANG_WARN_COMMA = YES;
				CLANG_WARN_CONSTANT_CONVERSION = YES;
				CLANG_WARN_DEPRECATED_OBJC_IMPLEMENTATIONS = YES;
				CLANG_WARN_DIRECT_OBJC_ISA_USAGE = YES_ERROR;
				CLANG_WARN_DOCUMENTATION_COMMENTS = YES;
				CLANG_WARN_EMPTY_BODY = YES;
				CLANG_WARN_ENUM_CONVERSION = YES;
				CLANG_WARN_INFINITE_RECURSION = YES;
				CLANG_WARN_INT_CONVERSION = YES;
				CLANG_WARN_NON_LITERAL_NULL_CONVERSION = YES;
				CLANG_WARN_OBJC_IMPLICIT_RETAIN_SELF = YES;
				CLANG_WARN_OBJC_LITERAL_CONVERSION = YES;
				CLANG_WARN_OBJC_ROOT_CLASS = YES_ERROR;
				CLANG_WARN_RANGE_LOOP_ANALYSIS = YES;
				CLANG_WARN_STRICT_PROTOTYPES = YES;
				CLANG_WARN_SUSPICIOUS_MOVE = YES;
				CLANG_WARN_UNGUARDED_AVAILABILITY = YES_AGGRESSIVE;
				CLANG_WARN_UNREACHABLE_CODE = YES;
				CLANG_WARN__DUPLICATE_METHOD_MATCH = YES;
				COPY_PHASE_STRIP = NO;
				DEBUG_INFORMATION_FORMAT = "dwarf-with-dsym";
				ENABLE_NS_ASSERTIONS = NO;
				ENABLE_STRICT_OBJC_MSGSEND = YES;
				GCC_C_LANGUAGE_STANDARD = gnu11;
				GCC_NO_COMMON_BLOCKS = YES;
				GCC_WARN_64_TO_32_BIT_CONVERSION = YES;
				GCC_WARN_ABOUT_RETURN_TYPE = YES_ERROR;
				GCC_WARN_UNDECLARED_SELECTOR = YES;
				GCC_WARN_UNINITIALIZED_AUTOS = YES_AGGRESSIVE;
				GCC_WARN_UNUSED_FUNCTION = YES;
				GCC_WARN_UNUSED_VARIABLE = YES;
				MACOSX_DEPLOYMENT_TARGET = 10.14;
				MTL_ENABLE_DEBUG_INFO = NO;
				MTL_FAST_MATH = YES;
				SDKROOT = macosx;
				SWIFT_COMPILATION_MODE = wholemodule;
				SWIFT_OPTIMIZATION_LEVEL = "-O";
			};
			name = Release;
		};
		8127944A239BEC4D000EBED0 /* Debug */ = {
			isa = XCBuildConfiguration;
			buildSettings = {
				ASSETCATALOG_COMPILER_APPICON_NAME = AppIcon;
				CODE_SIGN_ENTITLEMENTS = IntroToSpriteKit/IntroToSpriteKit.entitlements;
				CODE_SIGN_STYLE = Automatic;
				COMBINE_HIDPI_IMAGES = YES;
				INFOPLIST_FILE = IntroToSpriteKit/Info.plist;
				LD_RUNPATH_SEARCH_PATHS = (
					"$(inherited)",
					"@executable_path/../Frameworks",
				);
				PRODUCT_BUNDLE_IDENTIFIER = ca.russellgordon.IntroToSpriteKit;
				PRODUCT_NAME = "$(TARGET_NAME)";
				SWIFT_VERSION = 5.0;
			};
			name = Debug;
		};
		8127944B239BEC4D000EBED0 /* Release */ = {
			isa = XCBuildConfiguration;
			buildSettings = {
				ASSETCATALOG_COMPILER_APPICON_NAME = AppIcon;
				CODE_SIGN_ENTITLEMENTS = IntroToSpriteKit/IntroToSpriteKit.entitlements;
				CODE_SIGN_STYLE = Automatic;
				COMBINE_HIDPI_IMAGES = YES;
				INFOPLIST_FILE = IntroToSpriteKit/Info.plist;
				LD_RUNPATH_SEARCH_PATHS = (
					"$(inherited)",
					"@executable_path/../Frameworks",
				);
				PRODUCT_BUNDLE_IDENTIFIER = ca.russellgordon.IntroToSpriteKit;
				PRODUCT_NAME = "$(TARGET_NAME)";
				SWIFT_VERSION = 5.0;
			};
			name = Release;
		};
/* End XCBuildConfiguration section */

/* Begin XCConfigurationList section */
		8127942E239BEC4C000EBED0 /* Build configuration list for PBXProject "IntroToSpriteKit" */ = {
			isa = XCConfigurationList;
			buildConfigurations = (
				81279447239BEC4D000EBED0 /* Debug */,
				81279448239BEC4D000EBED0 /* Release */,
			);
			defaultConfigurationIsVisible = 0;
			defaultConfigurationName = Release;
		};
		81279449239BEC4D000EBED0 /* Build configuration list for PBXNativeTarget "IntroToSpriteKit" */ = {
			isa = XCConfigurationList;
			buildConfigurations = (
				8127944A239BEC4D000EBED0 /* Debug */,
				8127944B239BEC4D000EBED0 /* Release */,
			);
			defaultConfigurationIsVisible = 0;
			defaultConfigurationName = Release;
		};
/* End XCConfigurationList section */
	};
	rootObject = 8127942B239BEC4C000EBED0 /* Project object */;
}
